
Microsoft Visual Studio Solution File, Format Version 12.00
# Visual Studio Version 17
VisualStudioVersion = 17.9.34701.34
MinimumVisualStudioVersion = 10.0.40219.1
Project("{FAE04EC0-301F-11D3-BF4B-00C04F79EFBC}") = "Indigo", "Indigo\Indigo.csproj", "{80937986-BFCB-40F3-8D28-7B0B7671F54A}"
EndProject
Project("{FAE04EC0-301F-11D3-BF4B-00C04F79EFBC}") = "IndigoTests", "IndigoTests\IndigoTests.csproj", "{E5765941-3F51-4D65-A5A3-1F55DB90D2EC}"
EndProject
Global
	GlobalSection(SolutionConfigurationPlatforms) = preSolution
		Debug|Any CPU = Debug|Any CPU
		Release|Any CPU = Release|Any CPU
	EndGlobalSection
	GlobalSection(ProjectConfigurationPlatforms) = postSolution
		{80937986-BFCB-40F3-8D28-7B0B7671F54A}.Debug|Any CPU.ActiveCfg = Debug|Any CPU
		{80937986-BFCB-40F3-8D28-7B0B7671F54A}.Debug|Any CPU.Build.0 = Debug|Any CPU
		{80937986-BFCB-40F3-8D28-7B0B7671F54A}.Release|Any CPU.ActiveCfg = Release|Any CPU
		{80937986-BFCB-40F3-8D28-7B0B7671F54A}.Release|Any CPU.Build.0 = Release|Any CPU
		{E5765941-3F51-4D65-A5A3-1F55DB90D2EC}.Debug|Any CPU.ActiveCfg = Debug|Any CPU
		{E5765941-3F51-4D65-A5A3-1F55DB90D2EC}.Debug|Any CPU.Build.0 = Debug|Any CPU
		{E5765941-3F51-4D65-A5A3-1F55DB90D2EC}.Release|Any CPU.ActiveCfg = Release|Any CPU
		{E5765941-3F51-4D65-A5A3-1F55DB90D2EC}.Release|Any CPU.Build.0 = Release|Any CPU
	EndGlobalSection
	GlobalSection(SolutionProperties) = preSolution
		HideSolutionNode = FALSE
	EndGlobalSection
	GlobalSection(ExtensibilityGlobals) = postSolution
		SolutionGuid = {C30D9E03-E246-4854-BC7B-66033F888906}
	EndGlobalSection
EndGlobal
